<Solution>
  <Configurations>
    <Platform Name="Any CPU" />
    <Platform Name="ARM64" />
  </Configurations>
  <Folder Name="/src/">
    <Project Path="src/AipPortal.Application/AipPortal.Application.csproj">
      <Platform Solution="Release|ARM64" Project="ARM64" />
    </Project>
    <Project Path="src/AipPortal.Domain/AipPortal.Domain.csproj" />
    <Project Path="src/AipPortal.Infrastructure/AipPortal.Infrastructure.csproj" />
    <Project Path="src/AipPortal.Web/AipPortal.Web.csproj" />
  </Folder>
  <Folder Name="/tests/">
    <Project Path="tests/AipPortal.Tests/AipPortal.Tests.csproj" />
  </Folder>
</Solution>
